// !$*UTF8*$!
{
	archiveVersion = 1;
	classes = {
	};
	objectVersion = 50;
	objects = {

/* Begin PBXBuildFile section */
		623A4AB020A73ED60049D34B /* AppDelegate.swift in Sources */ = {isa = PBXBuildFile; fileRef = 623A4AAF20A73ED60049D34B /* AppDelegate.swift */; };
		623A4AB220A73ED60049D34B /* ViewController.swift in Sources */ = {isa = PBXBuildFile; fileRef = 623A4AB120A73ED60049D34B /* ViewController.swift */; };
		623A4AB520A73ED60049D34B /* Main.storyboard in Resources */ = {isa = PBXBuildFile; fileRef = 623A4AB320A73ED60049D34B /* Main.storyboard */; };
		623A4AB720A73ED90049D34B /* Assets.xcassets in Resources */ = {isa = PBXBuildFile; fileRef = 623A4AB620A73ED90049D34B /* Assets.xcassets */; };
		623A4ABA20A73ED90049D34B /* LaunchScreen.storyboard in Resources */ = {isa = PBXBuildFile; fileRef = 623A4AB820A73ED90049D34B /* LaunchScreen.storyboard */; };
		62809A9620A75FAC00FD449E /* CVCell.swift in Sources */ = {isa = PBXBuildFile; fileRef = 62809A9520A75FAC00FD449E /* CVCell.swift */; };
		62809A9A20A7624100FD449E /* FoodItem.swift in Sources */ = {isa = PBXBuildFile; fileRef = 62809A9920A7624100FD449E /* FoodItem.swift */; };
		62809A9C20A762C400FD449E /* Foods.plist in Resources */ = {isa = PBXBuildFile; fileRef = 62809A9B20A762C400FD449E /* Foods.plist */; };
		62809A9E20A7661500FD449E /* ViewController2.swift in Sources */ = {isa = PBXBuildFile; fileRef = 62809A9D20A7661500FD449E /* ViewController2.swift */; };
/* End PBXBuildFile section */

/* Begin PBXFileReference section */
		623A4AAC20A73ED60049D34B /* FoodApp.app */ = {isa = PBXFileReference; explicitFileType = wrapper.application; includeInIndex = 0; path = FoodApp.app; sourceTree = BUILT_PRODUCTS_DIR; };
		623A4AAF20A73ED60049D34B /* AppDelegate.swift */ = {isa = PBXFileReference; lastKnownFileType = sourcecode.swift; path = AppDelegate.swift; sourceTree = "<group>"; };
		623A4AB120A73ED60049D34B /* ViewController.swift */ = {isa = PBXFileReference; lastKnownFileType = sourcecode.swift; path = ViewController.swift; sourceTree = "<group>"; };
		623A4AB420A73ED60049D34B /* Base */ = {isa = PBXFileReference; lastKnownFileType = file.storyboard; name = Base; path = Base.lproj/Main.storyboard; sourceTree = "<group>"; };
		623A4AB620A73ED90049D34B /* Assets.xcassets */ = {isa = PBXFileReference; lastKnownFileType = folder.assetcatalog; path = Assets.xcassets; sourceTree = "<group>"; };
		623A4AB920A73ED90049D34B /* Base */ = {isa = PBXFileReference; lastKnownFileType = file.storyboard; name = Base; path = Base.lproj/LaunchScreen.storyboard; sourceTree = "<group>"; };
		623A4ABB20A73ED90049D34B /* Info.plist */ = {isa = PBXFileReference; lastKnownFileType = text.plist.xml; path = Info.plist; sourceTree = "<group>"; };
		62809A9520A75FAC00FD449E /* CVCell.swift */ = {isa = PBXFileReference; lastKnownFileType = sourcecode.swift; path = CVCell.swift; sourceTree = "<group>"; };
		62809A9920A7624100FD449E /* FoodItem.swift */ = {isa = PBXFileReference; lastKnownFileType = sourcecode.swift; path = FoodItem.swift; sourceTree = "<group>"; };
		62809A9B20A762C400FD449E /* Foods.plist */ = {isa = PBXFileReference; lastKnownFileType = text.plist.xml; path = Foods.plist; sourceTree = "<group>"; };
		62809A9D20A7661500FD449E /* ViewController2.swift */ = {isa = PBXFileReference; lastKnownFileType = sourcecode.swift; path = ViewController2.swift; sourceTree = "<group>"; };
/* End PBXFileReference section */

/* Begin PBXFrameworksBuildPhase section */
		623A4AA920A73ED60049D34B /* Frameworks */ = {
			isa = PBXFrameworksBuildPhase;
			buildActionMask = 2147483647;
			files = (
			);
			runOnlyForDeploymentPostprocessing = 0;
		};
/* End PBXFrameworksBuildPhase section */

/* Begin PBXGroup section */
		623A4AA320A73ED60049D34B = {
			isa = PBXGroup;
			children = (
				623A4AAE20A73ED60049D34B /* FoodApp */,
				623A4AAD20A73ED60049D34B /* Products */,
			);
			sourceTree = "<group>";
		};
		623A4AAD20A73ED60049D34B /* Products */ = {
			isa = PBXGroup;
			children = (
				623A4AAC20A73ED60049D34B /* FoodApp.app */,
			);
			name = Products;
			sourceTree = "<group>";
		};
		623A4AAE20A73ED60049D34B /* FoodApp */ = {
			isa = PBXGroup;
			children = (
				623A4AAF20A73ED60049D34B /* AppDelegate.swift */,
				62809A9920A7624100FD449E /* FoodItem.swift */,
				62809A9B20A762C400FD449E /* Foods.plist */,
				62809A9520A75FAC00FD449E /* CVCell.swift */,
				623A4AB120A73ED60049D34B /* ViewController.swift */,
				62809A9D20A7661500FD449E /* ViewController2.swift */,
				623A4AB320A73ED60049D34B /* Main.storyboard */,
				623A4AB620A73ED90049D34B /* Assets.xcassets */,
				623A4AB820A73ED90049D34B /* LaunchScreen.storyboard */,
				623A4ABB20A73ED90049D34B /* Info.plist */,
			);
			path = FoodApp;
			sourceTree = "<group>";
		};
/* End PBXGroup section */

/* Begin PBXNativeTarget section */
		623A4AAB20A73ED60049D34B /* FoodApp */ = {
			isa = PBXNativeTarget;
			buildConfigurationList = 623A4ABE20A73ED90049D34B /* Build configuration list for PBXNativeTarget "FoodApp" */;
			buildPhases = (
				623A4AA820A73ED60049D34B /* Sources */,
				623A4AA920A73ED60049D34B /* Frameworks */,
				623A4AAA20A73ED60049D34B /* Resources */,
			);
			buildRules = (
			);
			dependencies = (
			);
			name = FoodApp;
			productName = FoodApp;
			productReference = 623A4AAC20A73ED60049D34B /* FoodApp.app */;
			productType = "com.apple.product-type.application";
		};
/* End PBXNativeTarget section */

/* Begin PBXProject section */
		623A4AA420A73ED60049D34B /* Project object */ = {
			isa = PBXProject;
			attributes = {
				LastSwiftUpdateCheck = 0930;
				LastUpgradeCheck = 0930;
				ORGANIZATIONNAME = "Med Salmen Saadi";
				TargetAttributes = {
					623A4AAB20A73ED60049D34B = {
						CreatedOnToolsVersion = 9.3;
					};
				};
			};
			buildConfigurationList = 623A4AA720A73ED60049D34B /* Build configuration list for PBXProject "FoodApp" */;
			compatibilityVersion = "Xcode 9.3";
			developmentRegion = en;
			hasScannedForEncodings = 0;
			knownRegions = (
				en,
				Base,
			);
			mainGroup = 623A4AA320A73ED60049D34B;
			productRefGroup = 623A4AAD20A73ED60049D34B /* Products */;
			projectDirPath = "";
			projectRoot = "";
			targets = (
				623A4AAB20A73ED60049D34B /* FoodApp */,
			);
		};
/* End PBXProject section */

/* Begin PBXResourcesBuildPhase section */
		623A4AAA20A73ED60049D34B /* Resources */ = {
			isa = PBXResourcesBuildPhase;
			buildActionMask = 2147483647;
			files = (
				62809A9C20A762C400FD449E /* Foods.plist in Resources */,
				623A4ABA20A73ED90049D34B /* LaunchScreen.storyboard in Resources */,
				623A4AB720A73ED90049D34B /* Assets.xcassets in Resources */,
				623A4AB520A73ED60049D34B /* Main.storyboard in Resources */,
			);
			runOnlyForDeploymentPostprocessing = 0;
		};
/* End PBXResourcesBuildPhase section */

/* Begin PBXSourcesBuildPhase section */
		623A4AA820A73ED60049D34B /* Sources */ = {
			isa = PBXSourcesBuildPhase;
			buildActionMask = 2147483647;
			files = (
				62809A9E20A7661500FD449E /* ViewController2.swift in Sources */,
				62809A9A20A7624100FD449E /* FoodItem.swift in Sources */,
				62809A9620A75FAC00FD449E /* CVCell.swift in Sources */,
				623A4AB220A73ED60049D34B /* ViewController.swift in Sources */,
				623A4AB020A73ED60049D34B /* AppDelegate.swift in Sources */,
			);
			runOnlyForDeploymentPostprocessing = 0;
		};
/* End PBXSourcesBuildPhase section */

/* Begin PBXVariantGroup section */
		623A4AB320A73ED60049D34B /* Main.storyboard */ = {
			isa = PBXVariantGroup;
			children = (
				623A4AB420A73ED60049D34B /* Base */,
			);
			name = Main.storyboard;
			sourceTree = "<group>";
		};
		623A4AB820A73ED90049D34B /* LaunchScreen.storyboard */ = {
			isa = PBXVariantGroup;
			children = (
				623A4AB920A73ED90049D34B /* Base */,
			);
			name = LaunchScreen.storyboard;
			sourceTree = "<group>";
		};
/* End PBXVariantGroup section */

/* Begin XCBuildConfiguration section */
		623A4ABC20A73ED90049D34B /* Debug */ = {
			isa = XCBuildConfiguration;
			buildSettings = {
				ALWAYS_SEARCH_USER_PATHS = NO;
				CLANG_ANALYZER_NONNULL = YES;
				CLANG_ANALYZER_NUMBER_OBJECT_CONVERSION = YES_AGGRESSIVE;
				CLANG_CXX_LANGUAGE_STANDARD = "gnu++14";
				CLANG_CXX_LIBRARY = "libc++";
				CLANG_ENABLE_MODULES = YES;
				CLANG_ENABLE_OBJC_ARC = YES;
				CLANG_ENABLE_OBJC_WEAK = YES;
				CLANG_WARN_BLOCK_CAPTURE_AUTORELEASING = YES;
				CLANG_WARN_BOOL_CONVERSION = YES;
				CLANG_WARN_COMMA = YES;
				CLANG_WARN_CONSTANT_CONVERSION = YES;
				CLANG_WARN_DEPRECATED_OBJC_IMPLEMENTATIONS = YES;
				CLANG_WARN_DIRECT_OBJC_ISA_USAGE = YES_ERROR;
				CLANG_WARN_DOCUMENTATION_COMMENTS = YES;
				CLANG_WARN_EMPTY_BODY = YES;
				CLANG_WARN_ENUM_CONVERSION = YES;
				CLANG_WARN_INFINITE_RECURSION = YES;
				CLANG_WARN_INT_CONVERSION = YES;
				CLANG_WARN_NON_LITERAL_NULL_CONVERSION = YES;
				CLANG_WARN_OBJC_IMPLICIT_RETAIN_SELF = YES;
				CLANG_WARN_OBJC_LITERAL_CONVERSION = YES;
				CLANG_WARN_OBJC_ROOT_CLASS = YES_ERROR;
				CLANG_WARN_RANGE_LOOP_ANALYSIS = YES;
				CLANG_WARN_STRICT_PROTOTYPES = YES;
				CLANG_WARN_SUSPICIOUS_MOVE = YES;
				CLANG_WARN_UNGUARDED_AVAILABILITY = YES_AGGRESSIVE;
				CLANG_WARN_UNREACHABLE_CODE = YES;
				CLANG_WARN__DUPLICATE_METHOD_MATCH = YES;
				CODE_SIGN_IDENTITY = "iPhone Developer";
				COPY_PHASE_STRIP = NO;
				DEBUG_INFORMATION_FORMAT = dwarf;
				ENABLE_STRICT_OBJC_MSGSEND = YES;
				ENABLE_TESTABILITY = YES;
				GCC_C_LANGUAGE_STANDARD = gnu11;
				GCC_DYNAMIC_NO_PIC = NO;
				GCC_NO_COMMON_BLOCKS = YES;
				GCC_OPTIMIZATION_LEVEL = 0;
				GCC_PREPROCESSOR_DEFINITIONS = (
					"DEBUG=1",
					"$(inherited)",
				);
				GCC_WARN_64_TO_32_BIT_CONVERSION = YES;
				GCC_WARN_ABOUT_RETURN_TYPE = YES_ERROR;
				GCC_WARN_UNDECLARED_SELECTOR = YES;
				GCC_WARN_UNINITIALIZED_AUTOS = YES_AGGRESSIVE;
				GCC_WARN_UNUSED_FUNCTION = YES;
				GCC_WARN_UNUSED_VARIABLE = YES;
				IPHONEOS_DEPLOYMENT_TARGET = 11.3;
				MTL_ENABLE_DEBUG_INFO = YES;
				ONLY_ACTIVE_ARCH = YES;
				SDKROOT = iphoneos;
				SWIFT_ACTIVE_COMPILATION_CONDITIONS = DEBUG;
				SWIFT_OPTIMIZATION_LEVEL = "-Onone";
			};
			name = Debug;
		};
		623A4ABD20A73ED90049D34B /* Release */ = {
			isa = XCBuildConfiguration;
			buildSettings = {
				ALWAYS_SEARCH_USER_PATHS = NO;
				CLANG_ANALYZER_NONNULL = YES;
				CLANG_ANALYZER_NUMBER_OBJECT_CONVERSION = YES_AGGRESSIVE;
				CLANG_CXX_LANGUAGE_STANDARD = "gnu++14";
				CLANG_CXX_LIBRARY = "libc++";
				CLANG_ENABLE_MODULES = YES;
				CLANG_ENABLE_OBJC_ARC = YES;
				CLANG_ENABLE_OBJC_WEAK = YES;
				CLANG_WARN_BLOCK_CAPTURE_AUTORELEASING = YES;
				CLANG_WARN_BOOL_CONVERSION = YES;
				CLANG_WARN_COMMA = YES;
				CLANG_WARN_CONSTANT_CONVERSION = YES;
				CLANG_WARN_DEPRECATED_OBJC_IMPLEMENTATIONS = YES;
				CLANG_WARN_DIRECT_OBJC_ISA_USAGE = YES_ERROR;
				CLANG_WARN_DOCUMENTATION_COMMENTS = YES;
				CLANG_WARN_EMPTY_BODY = YES;
				CLANG_WARN_ENUM_CONVERSION = YES;
				CLANG_WARN_INFINITE_RECURSION = YES;
				CLANG_WARN_INT_CONVERSION = YES;
				CLANG_WARN_NON_LITERAL_NULL_CONVERSION = YES;
				CLANG_WARN_OBJC_IMPLICIT_RETAIN_SELF = YES;
				CLANG_WARN_OBJC_LITERAL_CONVERSION = YES;
				CLANG_WARN_OBJC_ROOT_CLASS = YES_ERROR;
				CLANG_WARN_RANGE_LOOP_ANALYSIS = YES;
				CLANG_WARN_STRICT_PROTOTYPES = YES;
				CLANG_WARN_SUSPICIOUS_MOVE = YES;
				CLANG_WARN_UNGUARDED_AVAILABILITY = YES_AGGRESSIVE;
				CLANG_WARN_UNREACHABLE_CODE = YES;
				CLANG_WARN__DUPLICATE_METHOD_MATCH = YES;
				CODE_SIGN_IDENTITY = "iPhone Developer";
				COPY_PHASE_STRIP = NO;
				DEBUG_INFORMATION_FORMAT = "dwarf-with-dsym";
				ENABLE_NS_ASSERTIONS = NO;
				ENABLE_STRICT_OBJC_MSGSEND = YES;
				GCC_C_LANGUAGE_STANDARD = gnu11;
				GCC_NO_COMMON_BLOCKS = YES;
				GCC_WARN_64_TO_32_BIT_CONVERSION = YES;
				GCC_WARN_ABOUT_RETURN_TYPE = YES_ERROR;
				GCC_WARN_UNDECLARED_SELECTOR = YES;
				GCC_WARN_UNINITIALIZED_AUTOS = YES_AGGRESSIVE;
				GCC_WARN_UNUSED_FUNCTION = YES;
				GCC_WARN_UNUSED_VARIABLE = YES;
				IPHONEOS_DEPLOYMENT_TARGET = 11.3;
				MTL_ENABLE_DEBUG_INFO = NO;
				SDKROOT = iphoneos;
				SWIFT_COMPILATION_MODE = wholemodule;
				SWIFT_OPTIMIZATION_LEVEL = "-O";
				VALIDATE_PRODUCT = YES;
			};
			name = Release;
		};
		623A4ABF20A73ED90049D34B /* Debug */ = {
			isa = XCBuildConfiguration;
			buildSettings = {
				ASSETCATALOG_COMPILER_APPICON_NAME = AppIcon;
				CODE_SIGN_STYLE = Automatic;
				INFOPLIST_FILE = FoodApp/Info.plist;
				LD_RUNPATH_SEARCH_PATHS = (
					"$(inherited)",
					"@executable_path/Frameworks",
				);
				PRODUCT_BUNDLE_IDENTIFIER = tn.salmen.FoodApp;
				PRODUCT_NAME = "$(TARGET_NAME)";
				SWIFT_VERSION = 4.0;
				TARGETED_DEVICE_FAMILY = "1,2";
			};
			name = Debug;
		};
		623A4AC020A73ED90049D34B /* Release */ = {
			isa = XCBuildConfiguration;
			buildSettings = {
				ASSETCATALOG_COMPILER_APPICON_NAME = AppIcon;
				CODE_SIGN_STYLE = Automatic;
				INFOPLIST_FILE = FoodApp/Info.plist;
				LD_RUNPATH_SEARCH_PATHS = (
					"$(inherited)",
					"@executable_path/Frameworks",
				);
				PRODUCT_BUNDLE_IDENTIFIER = tn.salmen.FoodApp;
				PRODUCT_NAME = "$(TARGET_NAME)";
				SWIFT_VERSION = 4.0;
				TARGETED_DEVICE_FAMILY = "1,2";
			};
			name = Release;
		};
/* End XCBuildConfiguration section */

/* Begin XCConfigurationList section */
		623A4AA720A73ED60049D34B /* Build configuration list for PBXProject "FoodApp" */ = {
			isa = XCConfigurationList;
			buildConfigurations = (
				623A4ABC20A73ED90049D34B /* Debug */,
				623A4ABD20A73ED90049D34B /* Release */,
			);
			defaultConfigurationIsVisible = 0;
			defaultConfigurationName = Release;
		};
		623A4ABE20A73ED90049D34B /* Build configuration list for PBXNativeTarget "FoodApp" */ = {
			isa = XCConfigurationList;
			buildConfigurations = (
				623A4ABF20A73ED90049D34B /* Debug */,
				623A4AC020A73ED90049D34B /* Release */,
			);
			defaultConfigurationIsVisible = 0;
			defaultConfigurationName = Release;
		};
/* End XCConfigurationList section */
	};
	rootObject = 623A4AA420A73ED60049D34B /* Project object */;
}
